
Microsoft Visual Studio Solution File, Format Version 12.00
# Visual Studio 2012
Project("{FAE04EC0-301F-11D3-BF4B-00C04F79EFBC}") = "Set 5", "Set 5\Set 5.csproj", "{381322B6-C037-48CC-AC79-C4D81F9E4BDB}"
EndProject
Global
	GlobalSection(SolutionConfigurationPlatforms) = preSolution
		Debug|Any CPU = Debug|Any CPU
		Release|Any CPU = Release|Any CPU
	EndGlobalSection
	GlobalSection(ProjectConfigurationPlatforms) = postSolution
		{381322B6-C037-48CC-AC79-C4D81F9E4BDB}.Debug|Any CPU.ActiveCfg = Debug|Any CPU
		{381322B6-C037-48CC-AC79-C4D81F9E4BDB}.Debug|Any CPU.Build.0 = Debug|Any CPU
		{381322B6-C037-48CC-AC79-C4D81F9E4BDB}.Release|Any CPU.ActiveCfg = Release|Any CPU
		{381322B6-C037-48CC-AC79-C4D81F9E4BDB}.Release|Any CPU.Build.0 = Release|Any CPU
	EndGlobalSection
	GlobalSection(SolutionProperties) = preSolution
		HideSolutionNode = FALSE
	EndGlobalSection
EndGlobal
