
Microsoft Visual Studio Solution File, Format Version 12.00
# Visual Studio 2012
Project("{FAE04EC0-301F-11D3-BF4B-00C04F79EFBC}") = "Large Digits", "Large Digits\Large Digits.csproj", "{A97D5967-34F2-46CC-B9CA-AC2C808AF854}"
EndProject
Global
	GlobalSection(SolutionConfigurationPlatforms) = preSolution
		Debug|Any CPU = Debug|Any CPU
		Release|Any CPU = Release|Any CPU
	EndGlobalSection
	GlobalSection(ProjectConfigurationPlatforms) = postSolution
		{A97D5967-34F2-46CC-B9CA-AC2C808AF854}.Debug|Any CPU.ActiveCfg = Debug|Any CPU
		{A97D5967-34F2-46CC-B9CA-AC2C808AF854}.Debug|Any CPU.Build.0 = Debug|Any CPU
		{A97D5967-34F2-46CC-B9CA-AC2C808AF854}.Release|Any CPU.ActiveCfg = Release|Any CPU
		{A97D5967-34F2-46CC-B9CA-AC2C808AF854}.Release|Any CPU.Build.0 = Release|Any CPU
	EndGlobalSection
	GlobalSection(SolutionProperties) = preSolution
		HideSolutionNode = FALSE
	EndGlobalSection
EndGlobal
