
Microsoft Visual Studio Solution File, Format Version 12.00
# Visual Studio 2012
Project("{FAE04EC0-301F-11D3-BF4B-00C04F79EFBC}") = "Array One", "Array One\Array One.csproj", "{17695C5B-8109-46B1-8909-19B0F0AD4179}"
EndProject
Global
	GlobalSection(SolutionConfigurationPlatforms) = preSolution
		Debug|Any CPU = Debug|Any CPU
		Release|Any CPU = Release|Any CPU
	EndGlobalSection
	GlobalSection(ProjectConfigurationPlatforms) = postSolution
		{17695C5B-8109-46B1-8909-19B0F0AD4179}.Debug|Any CPU.ActiveCfg = Debug|Any CPU
		{17695C5B-8109-46B1-8909-19B0F0AD4179}.Debug|Any CPU.Build.0 = Debug|Any CPU
		{17695C5B-8109-46B1-8909-19B0F0AD4179}.Release|Any CPU.ActiveCfg = Release|Any CPU
		{17695C5B-8109-46B1-8909-19B0F0AD4179}.Release|Any CPU.Build.0 = Release|Any CPU
	EndGlobalSection
	GlobalSection(SolutionProperties) = preSolution
		HideSolutionNode = FALSE
	EndGlobalSection
EndGlobal
