
Microsoft Visual Studio Solution File, Format Version 12.00
# Visual Studio 2012
Project("{FAE04EC0-301F-11D3-BF4B-00C04F79EFBC}") = "2nd Problem 1", "2nd Problem 1\2nd Problem 1.csproj", "{AFCD4177-ED27-420C-AE88-88A2FF1B48CA}"
EndProject
Global
	GlobalSection(SolutionConfigurationPlatforms) = preSolution
		Debug|Any CPU = Debug|Any CPU
		Release|Any CPU = Release|Any CPU
	EndGlobalSection
	GlobalSection(ProjectConfigurationPlatforms) = postSolution
		{AFCD4177-ED27-420C-AE88-88A2FF1B48CA}.Debug|Any CPU.ActiveCfg = Debug|Any CPU
		{AFCD4177-ED27-420C-AE88-88A2FF1B48CA}.Debug|Any CPU.Build.0 = Debug|Any CPU
		{AFCD4177-ED27-420C-AE88-88A2FF1B48CA}.Release|Any CPU.ActiveCfg = Release|Any CPU
		{AFCD4177-ED27-420C-AE88-88A2FF1B48CA}.Release|Any CPU.Build.0 = Release|Any CPU
	EndGlobalSection
	GlobalSection(SolutionProperties) = preSolution
		HideSolutionNode = FALSE
	EndGlobalSection
EndGlobal
